
Microsoft Visual Studio Solution File, Format Version 12.00
# Visual Studio 15
VisualStudioVersion = 15.0.28307.168
MinimumVisualStudioVersion = 10.0.40219.1
Project("{8BC9CEB8-8B4A-11D0-8D11-00A0C91BC942}") = "Project4", "Project4\Project4.vcxproj", "{252709FA-A0F0-4440-9E0C-C22D7E0B63AB}"
EndProject
Global
	GlobalSection(SolutionConfigurationPlatforms) = preSolution
		Debug|x64 = Debug|x64
		Debug|x86 = Debug|x86
		Release|x64 = Release|x64
		Release|x86 = Release|x86
	EndGlobalSection
	GlobalSection(ProjectConfigurationPlatforms) = postSolution
		{252709FA-A0F0-4440-9E0C-C22D7E0B63AB}.Debug|x64.ActiveCfg = Debug|x64
		{252709FA-A0F0-4440-9E0C-C22D7E0B63AB}.Debug|x64.Build.0 = Debug|x64
		{252709FA-A0F0-4440-9E0C-C22D7E0B63AB}.Debug|x86.ActiveCfg = Debug|Win32
		{252709FA-A0F0-4440-9E0C-C22D7E0B63AB}.Debug|x86.Build.0 = Debug|Win32
		{252709FA-A0F0-4440-9E0C-C22D7E0B63AB}.Release|x64.ActiveCfg = Release|x64
		{252709FA-A0F0-4440-9E0C-C22D7E0B63AB}.Release|x64.Build.0 = Release|x64
		{252709FA-A0F0-4440-9E0C-C22D7E0B63AB}.Release|x86.ActiveCfg = Release|Win32
		{252709FA-A0F0-4440-9E0C-C22D7E0B63AB}.Release|x86.Build.0 = Release|Win32
	EndGlobalSection
	GlobalSection(SolutionProperties) = preSolution
		HideSolutionNode = FALSE
	EndGlobalSection
	GlobalSection(ExtensibilityGlobals) = postSolution
		SolutionGuid = {DB1F1F91-E6A9-4353-953B-D5C246E5D9F8}
	EndGlobalSection
EndGlobal
